speakeasyVersion: 1.789.0
sources:
    Glean API:
        sourceNamespace: glean-api-specs
        sourceRevisionDigest: sha256:eaebe7be5b8f0f68b1331b223088ad140bf7caa28b87534a807a902b82f0e715
        sourceBlobDigest: sha256:fdd2d2ee23d11786186f25ae9270c19355398694eb3aedbfe02e7687c9e8c2e3
        tags:
            - latest
    petstore-oas:
        sourceNamespace: petstore-oas
        sourceRevisionDigest: sha256:97b2eff2f43ce14276d28efc41ec5de8034cde61db8445f12b626e4dc88ea40e
        sourceBlobDigest: sha256:81cfc2e66c21c8554e77c28114e76e9b348f43af7e680245f78786f373790761
        tags:
            - latest
            - 1.0.0
targets:
    glean:
        source: Glean API
        sourceNamespace: glean-api-specs
        sourceRevisionDigest: sha256:eaebe7be5b8f0f68b1331b223088ad140bf7caa28b87534a807a902b82f0e715
        sourceBlobDigest: sha256:fdd2d2ee23d11786186f25ae9270c19355398694eb3aedbfe02e7687c9e8c2e3
        codeSamplesNamespace: glean-api-specs-go-code-samples
        codeSamplesRevisionDigest: sha256:e33e590a1c2fd20f43edf50e39adc6217f26e1627bcc7a06f4907c77a120c261
    petstore:
        source: petstore-oas
        sourceNamespace: petstore-oas
        sourceRevisionDigest: sha256:97b2eff2f43ce14276d28efc41ec5de8034cde61db8445f12b626e4dc88ea40e
        sourceBlobDigest: sha256:81cfc2e66c21c8554e77c28114e76e9b348f43af7e680245f78786f373790761
        codeSamplesNamespace: petstore-oas-go-code-samples
        codeSamplesRevisionDigest: sha256:4e3c643b18fedb68dd6eee5066d835472f1d4a7137ba7fefb32dc7458c208b7b
workflow:
    workflowVersion: 1.0.0
    speakeasyVersion: latest
    sources:
        Glean API:
            inputs:
                - location: registry.speakeasyapi.dev/glean-el2/sdk/glean-api-specs
            output: .speakeasy/glean-merged-spec.yaml
    targets:
        glean:
            target: go
            source: Glean API
            codeSamples:
                registry:
                    location: registry.speakeasyapi.dev/glean-el2/sdk/glean-api-specs-go-code-samples
                labelOverride:
                    fixedValue: Go (API Client)
                blocking: false
            testing:
                enabled: true
