speakeasyVersion: 1.786.1
sources:
    Glean API:
        sourceNamespace: glean-api-specs
        sourceRevisionDigest: sha256:979b3f1b9f64bbb58a59297a1984e17b9a8e6c7eed1d56fc712f5ffc3376c23d
        sourceBlobDigest: sha256:d0cf8a3fb62165cb2a1797291d7213dbfab4e80a9d8435d2ac732046c9effb28
        tags:
            - latest
    petstore-oas:
        sourceNamespace: petstore-oas
        sourceRevisionDigest: sha256:97b2eff2f43ce14276d28efc41ec5de8034cde61db8445f12b626e4dc88ea40e
        sourceBlobDigest: sha256:81cfc2e66c21c8554e77c28114e76e9b348f43af7e680245f78786f373790761
        tags:
            - latest
            - 1.0.0
targets:
    glean:
        source: Glean API
        sourceNamespace: glean-api-specs
        sourceRevisionDigest: sha256:979b3f1b9f64bbb58a59297a1984e17b9a8e6c7eed1d56fc712f5ffc3376c23d
        sourceBlobDigest: sha256:d0cf8a3fb62165cb2a1797291d7213dbfab4e80a9d8435d2ac732046c9effb28
        codeSamplesNamespace: glean-api-specs-go-code-samples
        codeSamplesRevisionDigest: sha256:be74c082657fbea40f18b707ef4a7d6d829b1c10ac2d8854c553726572f8ad4c
    petstore:
        source: petstore-oas
        sourceNamespace: petstore-oas
        sourceRevisionDigest: sha256:97b2eff2f43ce14276d28efc41ec5de8034cde61db8445f12b626e4dc88ea40e
        sourceBlobDigest: sha256:81cfc2e66c21c8554e77c28114e76e9b348f43af7e680245f78786f373790761
        codeSamplesNamespace: petstore-oas-go-code-samples
        codeSamplesRevisionDigest: sha256:4e3c643b18fedb68dd6eee5066d835472f1d4a7137ba7fefb32dc7458c208b7b
workflow:
    workflowVersion: 1.0.0
    speakeasyVersion: latest
    sources:
        Glean API:
            inputs:
                - location: registry.speakeasyapi.dev/glean-el2/sdk/glean-api-specs
            output: .speakeasy/glean-merged-spec.yaml
    targets:
        glean:
            target: go
            source: Glean API
            codeSamples:
                registry:
                    location: registry.speakeasyapi.dev/glean-el2/sdk/glean-api-specs-go-code-samples
                labelOverride:
                    fixedValue: Go (API Client)
                blocking: false
            testing:
                enabled: true
